
Microsoft Visual Studio Solution File, Format Version 12.00
# Visual Studio 15
VisualStudioVersion = 15.0.27130.2020
MinimumVisualStudioVersion = 10.0.40219.1
Project("{9A19103F-16F7-4668-BE54-9A1E7A4F7556}") = "Assign2", "Assign2\Assign2.csproj", "{713D4ED0-B75D-4064-87C4-A6DE0CCDADB5}"
EndProject
Project("{FAE04EC0-301F-11D3-BF4B-00C04F79EFBC}") = "Core", "Core\Core.csproj", "{35EF9589-3B7F-4C31-B75A-258939E5330D}"
EndProject
Project("{FAE04EC0-301F-11D3-BF4B-00C04F79EFBC}") = "Domain", "Domain\Domain.csproj", "{04924A12-6C5B-4770-BDD8-2710C0365666}"
EndProject
Project("{FAE04EC0-301F-11D3-BF4B-00C04F79EFBC}") = "Repository", "Repository\Repository.csproj", "{5F5DC673-DA4B-4526-85C3-BA2FFCC86CE9}"
EndProject
Project("{FAE04EC0-301F-11D3-BF4B-00C04F79EFBC}") = "Services", "Services\Services.csproj", "{ED14F9D0-90B8-4966-B2AE-4ADA56537952}"
EndProject
Global
	GlobalSection(SolutionConfigurationPlatforms) = preSolution
		Debug|Any CPU = Debug|Any CPU
		Release|Any CPU = Release|Any CPU
	EndGlobalSection
	GlobalSection(ProjectConfigurationPlatforms) = postSolution
		{713D4ED0-B75D-4064-87C4-A6DE0CCDADB5}.Debug|Any CPU.ActiveCfg = Debug|Any CPU
		{713D4ED0-B75D-4064-87C4-A6DE0CCDADB5}.Debug|Any CPU.Build.0 = Debug|Any CPU
		{713D4ED0-B75D-4064-87C4-A6DE0CCDADB5}.Release|Any CPU.ActiveCfg = Release|Any CPU
		{713D4ED0-B75D-4064-87C4-A6DE0CCDADB5}.Release|Any CPU.Build.0 = Release|Any CPU
		{35EF9589-3B7F-4C31-B75A-258939E5330D}.Debug|Any CPU.ActiveCfg = Debug|Any CPU
		{35EF9589-3B7F-4C31-B75A-258939E5330D}.Debug|Any CPU.Build.0 = Debug|Any CPU
		{35EF9589-3B7F-4C31-B75A-258939E5330D}.Release|Any CPU.ActiveCfg = Release|Any CPU
		{35EF9589-3B7F-4C31-B75A-258939E5330D}.Release|Any CPU.Build.0 = Release|Any CPU
		{04924A12-6C5B-4770-BDD8-2710C0365666}.Debug|Any CPU.ActiveCfg = Debug|Any CPU
		{04924A12-6C5B-4770-BDD8-2710C0365666}.Debug|Any CPU.Build.0 = Debug|Any CPU
		{04924A12-6C5B-4770-BDD8-2710C0365666}.Release|Any CPU.ActiveCfg = Release|Any CPU
		{04924A12-6C5B-4770-BDD8-2710C0365666}.Release|Any CPU.Build.0 = Release|Any CPU
		{5F5DC673-DA4B-4526-85C3-BA2FFCC86CE9}.Debug|Any CPU.ActiveCfg = Debug|Any CPU
		{5F5DC673-DA4B-4526-85C3-BA2FFCC86CE9}.Debug|Any CPU.Build.0 = Debug|Any CPU
		{5F5DC673-DA4B-4526-85C3-BA2FFCC86CE9}.Release|Any CPU.ActiveCfg = Release|Any CPU
		{5F5DC673-DA4B-4526-85C3-BA2FFCC86CE9}.Release|Any CPU.Build.0 = Release|Any CPU
		{ED14F9D0-90B8-4966-B2AE-4ADA56537952}.Debug|Any CPU.ActiveCfg = Debug|Any CPU
		{ED14F9D0-90B8-4966-B2AE-4ADA56537952}.Debug|Any CPU.Build.0 = Debug|Any CPU
		{ED14F9D0-90B8-4966-B2AE-4ADA56537952}.Release|Any CPU.ActiveCfg = Release|Any CPU
		{ED14F9D0-90B8-4966-B2AE-4ADA56537952}.Release|Any CPU.Build.0 = Release|Any CPU
	EndGlobalSection
	GlobalSection(SolutionProperties) = preSolution
		HideSolutionNode = FALSE
	EndGlobalSection
	GlobalSection(ExtensibilityGlobals) = postSolution
		SolutionGuid = {63E6B858-F637-4EBA-A845-F3CAA29E637C}
	EndGlobalSection
EndGlobal
